<?xml version="1.0" encoding="utf-8"?>
<Project ToolsVersion="4.0" xmlns="http://schemas.microsoft.com/developer/msbuild/2003">
  <ItemGroup>
    <ClCompile Include="stdafx.cpp">
      <Filter>源文件</Filter>
    </ClCompile>
    <ClCompile Include="TransmitModule.cpp">
      <Filter>源文件</Filter>
    </ClCompile>
    <ClCompile Include="TransmitModuleDlg.cpp">
      <Filter>源文件</Filter>
    </ClCompile>
  </ItemGroup>
  <ItemGroup>
    <ClInclude Include="resource.h">
      <Filter>头文件</Filter>
    </ClInclude>
    <ClInclude Include="stdafx.h">
      <Filter>头文件</Filter>
    </ClInclude>
    <ClInclude Include="TransmitModule.h">
      <Filter>头文件</Filter>
    </ClInclude>
    <ClInclude Include="TransmitModuleDlg.h">
      <Filter>头文件</Filter>
    </ClInclude>
    <ClInclude Include="..\..\LoggerDLL\DynamicLogger.h">
      <Filter>DLL</Filter>
    </ClInclude>
    <ClInclude Include="..\..\LoggerDLL\Logger.h">
      <Filter>DLL</Filter>
    </ClInclude>
  </ItemGroup>
  <ItemGroup>
    <None Include="res\TransmitModule.ico">
      <Filter>资源文件</Filter>
    </None>
    <None Include="res\TransmitModule.rc2">
      <Filter>资源文件</Filter>
    </None>
  </ItemGroup>
  <ItemGroup>
    <Filter Include="头文件">
      <UniqueIdentifier>{48651179-ddd0-4cfa-a8ae-f33c065729b5}</UniqueIdentifier>
    </Filter>
    <Filter Include="源文件">
      <UniqueIdentifier>{b3a9d7d4-f415-4ab9-9c1f-557d91aab1b3}</UniqueIdentifier>
    </Filter>
    <Filter Include="资源文件">
      <UniqueIdentifier>{a3e722b9-57a2-44b9-a8e9-5ab2a2bd3b40}</UniqueIdentifier>
    </Filter>
    <Filter Include="DLL">
      <UniqueIdentifier>{6c314eb5-49b3-41eb-9602-bf5e2fabb8a0}</UniqueIdentifier>
    </Filter>
  </ItemGroup>
  <ItemGroup>
    <ResourceCompile Include="TransmitModule.rc">
      <Filter>资源文件</Filter>
    </ResourceCompile>
  </ItemGroup>
</Project>