Microsoft Visual Studio Solution File, Format Version 11.00
# Visual Studio 2010
Project("{8BC9CEB8-8B4A-11D0-8D11-00A0C91BC942}") = "LoggerDLL", "LoggerDLL.vcxproj", "{39FE5F5B-91C7-4BE8-B95F-42E2EE0DCA1C}"
EndProject
Project("{8BC9CEB8-8B4A-11D0-8D11-00A0C91BC942}") = "TestConsoleLogger", "..\Test\TestConsoleLogger\TestConsoleLogger.vcxproj", "{BB5B8CD0-6DD2-406B-BFC5-5426461946D9}"
EndProject
Project("{8BC9CEB8-8B4A-11D0-8D11-00A0C91BC942}") = "TestGuiLogger", "..\Test\TestGuiLogger\TestGuiLogger.vcxproj", "{9223A94B-7484-41E2-9E0D-032E72948623}"
EndProject
Project("{8BC9CEB8-8B4A-11D0-8D11-00A0C91BC942}") = "TestDynamicLogger", "..\Test\TestDynamicLogger\TestDynamicLogger.vcxproj", "{9223A94B-7484-41E2-9E0D-032E72948624}"
EndProject
Global
	GlobalSection(SolutionConfigurationPlatforms) = preSolution
		cDebug|Win32 = cDebug|Win32
		cDebug|x64 = cDebug|x64
		cRelease|Win32 = cRelease|Win32
		cRelease|x64 = cRelease|x64
		cuDebug|Win32 = cuDebug|Win32
		cuDebug|x64 = cuDebug|x64
		cuRelease|Win32 = cuRelease|Win32
		cuRelease|x64 = cuRelease|x64
		Debug|Win32 = Debug|Win32
		Debug|x64 = Debug|x64
		Release|Win32 = Release|Win32
		Release|x64 = Release|x64
		UDebug|Win32 = UDebug|Win32
		UDebug|x64 = UDebug|x64
		URelease|Win32 = URelease|Win32
		URelease|x64 = URelease|x64
		wDebug|Win32 = wDebug|Win32
		wDebug|x64 = wDebug|x64
		wRelease|Win32 = wRelease|Win32
		wRelease|x64 = wRelease|x64
		wuDebug|Win32 = wuDebug|Win32
		wuDebug|x64 = wuDebug|x64
		wuRelease|Win32 = wuRelease|Win32
		wuRelease|x64 = wuRelease|x64
	EndGlobalSection
	GlobalSection(ProjectConfigurationPlatforms) = postSolution
		{39FE5F5B-91C7-4BE8-B95F-42E2EE0DCA1C}.cDebug|Win32.ActiveCfg = cDebug|Win32
		{39FE5F5B-91C7-4BE8-B95F-42E2EE0DCA1C}.cDebug|x64.ActiveCfg = cDebug|x64
		{39FE5F5B-91C7-4BE8-B95F-42E2EE0DCA1C}.cDebug|x64.Build.0 = cDebug|x64
		{39FE5F5B-91C7-4BE8-B95F-42E2EE0DCA1C}.cRelease|Win32.ActiveCfg = cRelease|Win32
		{39FE5F5B-91C7-4BE8-B95F-42E2EE0DCA1C}.cRelease|x64.ActiveCfg = cRelease|x64
		{39FE5F5B-91C7-4BE8-B95F-42E2EE0DCA1C}.cRelease|x64.Build.0 = cRelease|x64
		{39FE5F5B-91C7-4BE8-B95F-42E2EE0DCA1C}.cuDebug|Win32.ActiveCfg = cuDebug|Win32
		{39FE5F5B-91C7-4BE8-B95F-42E2EE0DCA1C}.cuDebug|Win32.Build.0 = cuDebug|Win32
		{39FE5F5B-91C7-4BE8-B95F-42E2EE0DCA1C}.cuDebug|x64.ActiveCfg = cuDebug|x64
		{39FE5F5B-91C7-4BE8-B95F-42E2EE0DCA1C}.cuDebug|x64.Build.0 = cuDebug|x64
		{39FE5F5B-91C7-4BE8-B95F-42E2EE0DCA1C}.cuRelease|Win32.ActiveCfg = cuRelease|Win32
		{39FE5F5B-91C7-4BE8-B95F-42E2EE0DCA1C}.cuRelease|Win32.Build.0 = cuRelease|Win32
		{39FE5F5B-91C7-4BE8-B95F-42E2EE0DCA1C}.cuRelease|x64.ActiveCfg = cuRelease|x64
		{39FE5F5B-91C7-4BE8-B95F-42E2EE0DCA1C}.cuRelease|x64.Build.0 = cuRelease|x64
		{39FE5F5B-91C7-4BE8-B95F-42E2EE0DCA1C}.Debug|Win32.ActiveCfg = wuDebug|Win32
		{39FE5F5B-91C7-4BE8-B95F-42E2EE0DCA1C}.Debug|Win32.Build.0 = wuDebug|Win32
		{39FE5F5B-91C7-4BE8-B95F-42E2EE0DCA1C}.Debug|x64.ActiveCfg = wuDebug|x64
		{39FE5F5B-91C7-4BE8-B95F-42E2EE0DCA1C}.Debug|x64.Build.0 = wuDebug|x64
		{39FE5F5B-91C7-4BE8-B95F-42E2EE0DCA1C}.Release|Win32.ActiveCfg = wuRelease|Win32
		{39FE5F5B-91C7-4BE8-B95F-42E2EE0DCA1C}.Release|Win32.Build.0 = wuRelease|Win32
		{39FE5F5B-91C7-4BE8-B95F-42E2EE0DCA1C}.Release|x64.ActiveCfg = wuRelease|x64
		{39FE5F5B-91C7-4BE8-B95F-42E2EE0DCA1C}.Release|x64.Build.0 = wuRelease|x64
		{39FE5F5B-91C7-4BE8-B95F-42E2EE0DCA1C}.UDebug|Win32.ActiveCfg = wuRelease|Win32
		{39FE5F5B-91C7-4BE8-B95F-42E2EE0DCA1C}.UDebug|Win32.Build.0 = wuRelease|Win32
		{39FE5F5B-91C7-4BE8-B95F-42E2EE0DCA1C}.UDebug|x64.ActiveCfg = wuRelease|x64
		{39FE5F5B-91C7-4BE8-B95F-42E2EE0DCA1C}.UDebug|x64.Build.0 = wuRelease|x64
		{39FE5F5B-91C7-4BE8-B95F-42E2EE0DCA1C}.URelease|Win32.ActiveCfg = wuRelease|Win32
		{39FE5F5B-91C7-4BE8-B95F-42E2EE0DCA1C}.URelease|Win32.Build.0 = wuRelease|Win32
		{39FE5F5B-91C7-4BE8-B95F-42E2EE0DCA1C}.URelease|x64.ActiveCfg = wuRelease|x64
		{39FE5F5B-91C7-4BE8-B95F-42E2EE0DCA1C}.URelease|x64.Build.0 = wuRelease|x64
		{39FE5F5B-91C7-4BE8-B95F-42E2EE0DCA1C}.wDebug|Win32.ActiveCfg = wDebug|Win32
		{39FE5F5B-91C7-4BE8-B95F-42E2EE0DCA1C}.wDebug|Win32.Build.0 = wDebug|Win32
		{39FE5F5B-91C7-4BE8-B95F-42E2EE0DCA1C}.wDebug|x64.ActiveCfg = wDebug|x64
		{39FE5F5B-91C7-4BE8-B95F-42E2EE0DCA1C}.wDebug|x64.Build.0 = wDebug|x64
		{39FE5F5B-91C7-4BE8-B95F-42E2EE0DCA1C}.wRelease|Win32.ActiveCfg = wRelease|Win32
		{39FE5F5B-91C7-4BE8-B95F-42E2EE0DCA1C}.wRelease|Win32.Build.0 = wRelease|Win32
		{39FE5F5B-91C7-4BE8-B95F-42E2EE0DCA1C}.wRelease|x64.ActiveCfg = wRelease|x64
		{39FE5F5B-91C7-4BE8-B95F-42E2EE0DCA1C}.wRelease|x64.Build.0 = wRelease|x64
		{39FE5F5B-91C7-4BE8-B95F-42E2EE0DCA1C}.wuDebug|Win32.ActiveCfg = wuDebug|Win32
		{39FE5F5B-91C7-4BE8-B95F-42E2EE0DCA1C}.wuDebug|Win32.Build.0 = wuDebug|Win32
		{39FE5F5B-91C7-4BE8-B95F-42E2EE0DCA1C}.wuDebug|x64.ActiveCfg = wuDebug|x64
		{39FE5F5B-91C7-4BE8-B95F-42E2EE0DCA1C}.wuDebug|x64.Build.0 = wuDebug|x64
		{39FE5F5B-91C7-4BE8-B95F-42E2EE0DCA1C}.wuRelease|Win32.ActiveCfg = wuRelease|Win32
		{39FE5F5B-91C7-4BE8-B95F-42E2EE0DCA1C}.wuRelease|Win32.Build.0 = wuRelease|Win32
		{39FE5F5B-91C7-4BE8-B95F-42E2EE0DCA1C}.wuRelease|x64.ActiveCfg = wuRelease|x64
		{39FE5F5B-91C7-4BE8-B95F-42E2EE0DCA1C}.wuRelease|x64.Build.0 = wuRelease|x64
		{BB5B8CD0-6DD2-406B-BFC5-5426461946D9}.cDebug|Win32.ActiveCfg = Debug|Win32
		{BB5B8CD0-6DD2-406B-BFC5-5426461946D9}.cDebug|x64.ActiveCfg = Debug|x64
		{BB5B8CD0-6DD2-406B-BFC5-5426461946D9}.cDebug|x64.Build.0 = Debug|x64
		{BB5B8CD0-6DD2-406B-BFC5-5426461946D9}.cRelease|Win32.ActiveCfg = Release|Win32
		{BB5B8CD0-6DD2-406B-BFC5-5426461946D9}.cRelease|x64.ActiveCfg = Release|x64
		{BB5B8CD0-6DD2-406B-BFC5-5426461946D9}.cRelease|x64.Build.0 = Release|x64
		{BB5B8CD0-6DD2-406B-BFC5-5426461946D9}.cuDebug|Win32.ActiveCfg = Debug|Win32
		{BB5B8CD0-6DD2-406B-BFC5-5426461946D9}.cuDebug|Win32.Build.0 = Debug|Win32
		{BB5B8CD0-6DD2-406B-BFC5-5426461946D9}.cuDebug|x64.ActiveCfg = Debug|x64
		{BB5B8CD0-6DD2-406B-BFC5-5426461946D9}.cuDebug|x64.Build.0 = Debug|x64
		{BB5B8CD0-6DD2-406B-BFC5-5426461946D9}.cuRelease|Win32.ActiveCfg = Release|Win32
		{BB5B8CD0-6DD2-406B-BFC5-5426461946D9}.cuRelease|x64.ActiveCfg = Release|x64
		{BB5B8CD0-6DD2-406B-BFC5-5426461946D9}.cuRelease|x64.Build.0 = Release|x64
		{BB5B8CD0-6DD2-406B-BFC5-5426461946D9}.Debug|Win32.ActiveCfg = Debug|Win32
		{BB5B8CD0-6DD2-406B-BFC5-5426461946D9}.Debug|Win32.Build.0 = Debug|Win32
		{BB5B8CD0-6DD2-406B-BFC5-5426461946D9}.Debug|x64.ActiveCfg = Debug|x64
		{BB5B8CD0-6DD2-406B-BFC5-5426461946D9}.Debug|x64.Build.0 = Debug|x64
		{BB5B8CD0-6DD2-406B-BFC5-5426461946D9}.Release|Win32.ActiveCfg = Release|Win32
		{BB5B8CD0-6DD2-406B-BFC5-5426461946D9}.Release|Win32.Build.0 = Release|Win32
		{BB5B8CD0-6DD2-406B-BFC5-5426461946D9}.Release|x64.ActiveCfg = Release|x64
		{BB5B8CD0-6DD2-406B-BFC5-5426461946D9}.Release|x64.Build.0 = Release|x64
		{BB5B8CD0-6DD2-406B-BFC5-5426461946D9}.UDebug|Win32.ActiveCfg = UDebug|Win32
		{BB5B8CD0-6DD2-406B-BFC5-5426461946D9}.UDebug|Win32.Build.0 = UDebug|Win32
		{BB5B8CD0-6DD2-406B-BFC5-5426461946D9}.UDebug|x64.ActiveCfg = UDebug|x64
		{BB5B8CD0-6DD2-406B-BFC5-5426461946D9}.UDebug|x64.Build.0 = UDebug|x64
		{BB5B8CD0-6DD2-406B-BFC5-5426461946D9}.URelease|Win32.ActiveCfg = URelease|Win32
		{BB5B8CD0-6DD2-406B-BFC5-5426461946D9}.URelease|Win32.Build.0 = URelease|Win32
		{BB5B8CD0-6DD2-406B-BFC5-5426461946D9}.URelease|x64.ActiveCfg = URelease|x64
		{BB5B8CD0-6DD2-406B-BFC5-5426461946D9}.URelease|x64.Build.0 = URelease|x64
		{BB5B8CD0-6DD2-406B-BFC5-5426461946D9}.wDebug|Win32.ActiveCfg = Debug|Win32
		{BB5B8CD0-6DD2-406B-BFC5-5426461946D9}.wDebug|Win32.Build.0 = Debug|Win32
		{BB5B8CD0-6DD2-406B-BFC5-5426461946D9}.wDebug|x64.ActiveCfg = Debug|x64
		{BB5B8CD0-6DD2-406B-BFC5-5426461946D9}.wDebug|x64.Build.0 = Debug|x64
		{BB5B8CD0-6DD2-406B-BFC5-5426461946D9}.wRelease|Win32.ActiveCfg = Release|Win32
		{BB5B8CD0-6DD2-406B-BFC5-5426461946D9}.wRelease|Win32.Build.0 = Release|Win32
		{BB5B8CD0-6DD2-406B-BFC5-5426461946D9}.wRelease|x64.ActiveCfg = Release|x64
		{BB5B8CD0-6DD2-406B-BFC5-5426461946D9}.wRelease|x64.Build.0 = Release|x64
		{BB5B8CD0-6DD2-406B-BFC5-5426461946D9}.wuDebug|Win32.ActiveCfg = Debug|Win32
		{BB5B8CD0-6DD2-406B-BFC5-5426461946D9}.wuDebug|Win32.Build.0 = Debug|Win32
		{BB5B8CD0-6DD2-406B-BFC5-5426461946D9}.wuDebug|x64.ActiveCfg = Debug|x64
		{BB5B8CD0-6DD2-406B-BFC5-5426461946D9}.wuDebug|x64.Build.0 = Debug|x64
		{BB5B8CD0-6DD2-406B-BFC5-5426461946D9}.wuRelease|Win32.ActiveCfg = Release|Win32
		{BB5B8CD0-6DD2-406B-BFC5-5426461946D9}.wuRelease|Win32.Build.0 = Release|Win32
		{BB5B8CD0-6DD2-406B-BFC5-5426461946D9}.wuRelease|x64.ActiveCfg = Release|x64
		{BB5B8CD0-6DD2-406B-BFC5-5426461946D9}.wuRelease|x64.Build.0 = Release|x64
		{9223A94B-7484-41E2-9E0D-032E72948623}.cDebug|Win32.ActiveCfg = Debug|Win32
		{9223A94B-7484-41E2-9E0D-032E72948623}.cDebug|Win32.Build.0 = Debug|Win32
		{9223A94B-7484-41E2-9E0D-032E72948623}.cDebug|x64.ActiveCfg = Debug|x64
		{9223A94B-7484-41E2-9E0D-032E72948623}.cDebug|x64.Build.0 = Debug|x64
		{9223A94B-7484-41E2-9E0D-032E72948623}.cRelease|Win32.ActiveCfg = Release|Win32
		{9223A94B-7484-41E2-9E0D-032E72948623}.cRelease|Win32.Build.0 = Release|Win32
		{9223A94B-7484-41E2-9E0D-032E72948623}.cRelease|x64.ActiveCfg = Release|x64
		{9223A94B-7484-41E2-9E0D-032E72948623}.cRelease|x64.Build.0 = Release|x64
		{9223A94B-7484-41E2-9E0D-032E72948623}.cuDebug|Win32.ActiveCfg = Debug|Win32
		{9223A94B-7484-41E2-9E0D-032E72948623}.cuDebug|Win32.Build.0 = Debug|Win32
		{9223A94B-7484-41E2-9E0D-032E72948623}.cuDebug|x64.ActiveCfg = Debug|x64
		{9223A94B-7484-41E2-9E0D-032E72948623}.cuDebug|x64.Build.0 = Debug|x64
		{9223A94B-7484-41E2-9E0D-032E72948623}.cuRelease|Win32.ActiveCfg = Release|Win32
		{9223A94B-7484-41E2-9E0D-032E72948623}.cuRelease|x64.ActiveCfg = Release|x64
		{9223A94B-7484-41E2-9E0D-032E72948623}.cuRelease|x64.Build.0 = Release|x64
		{9223A94B-7484-41E2-9E0D-032E72948623}.Debug|Win32.ActiveCfg = Debug|Win32
		{9223A94B-7484-41E2-9E0D-032E72948623}.Debug|Win32.Build.0 = Debug|Win32
		{9223A94B-7484-41E2-9E0D-032E72948623}.Debug|x64.ActiveCfg = Debug|x64
		{9223A94B-7484-41E2-9E0D-032E72948623}.Debug|x64.Build.0 = Debug|x64
		{9223A94B-7484-41E2-9E0D-032E72948623}.Release|Win32.ActiveCfg = Release|Win32
		{9223A94B-7484-41E2-9E0D-032E72948623}.Release|Win32.Build.0 = Release|Win32
		{9223A94B-7484-41E2-9E0D-032E72948623}.Release|x64.ActiveCfg = Release|x64
		{9223A94B-7484-41E2-9E0D-032E72948623}.Release|x64.Build.0 = Release|x64
		{9223A94B-7484-41E2-9E0D-032E72948623}.UDebug|Win32.ActiveCfg = UDebug|Win32
		{9223A94B-7484-41E2-9E0D-032E72948623}.UDebug|Win32.Build.0 = UDebug|Win32
		{9223A94B-7484-41E2-9E0D-032E72948623}.UDebug|x64.ActiveCfg = UDebug|x64
		{9223A94B-7484-41E2-9E0D-032E72948623}.UDebug|x64.Build.0 = UDebug|x64
		{9223A94B-7484-41E2-9E0D-032E72948623}.URelease|Win32.ActiveCfg = URelease|Win32
		{9223A94B-7484-41E2-9E0D-032E72948623}.URelease|Win32.Build.0 = URelease|Win32
		{9223A94B-7484-41E2-9E0D-032E72948623}.URelease|x64.ActiveCfg = URelease|x64
		{9223A94B-7484-41E2-9E0D-032E72948623}.URelease|x64.Build.0 = URelease|x64
		{9223A94B-7484-41E2-9E0D-032E72948623}.wDebug|Win32.ActiveCfg = Debug|Win32
		{9223A94B-7484-41E2-9E0D-032E72948623}.wDebug|Win32.Build.0 = Debug|Win32
		{9223A94B-7484-41E2-9E0D-032E72948623}.wDebug|x64.ActiveCfg = Debug|x64
		{9223A94B-7484-41E2-9E0D-032E72948623}.wDebug|x64.Build.0 = Debug|x64
		{9223A94B-7484-41E2-9E0D-032E72948623}.wRelease|Win32.ActiveCfg = Release|Win32
		{9223A94B-7484-41E2-9E0D-032E72948623}.wRelease|Win32.Build.0 = Release|Win32
		{9223A94B-7484-41E2-9E0D-032E72948623}.wRelease|x64.ActiveCfg = Release|x64
		{9223A94B-7484-41E2-9E0D-032E72948623}.wRelease|x64.Build.0 = Release|x64
		{9223A94B-7484-41E2-9E0D-032E72948623}.wuDebug|Win32.ActiveCfg = Debug|Win32
		{9223A94B-7484-41E2-9E0D-032E72948623}.wuDebug|Win32.Build.0 = Debug|Win32
		{9223A94B-7484-41E2-9E0D-032E72948623}.wuDebug|x64.ActiveCfg = Debug|x64
		{9223A94B-7484-41E2-9E0D-032E72948623}.wuDebug|x64.Build.0 = Debug|x64
		{9223A94B-7484-41E2-9E0D-032E72948623}.wuRelease|Win32.ActiveCfg = Release|Win32
		{9223A94B-7484-41E2-9E0D-032E72948623}.wuRelease|Win32.Build.0 = Release|Win32
		{9223A94B-7484-41E2-9E0D-032E72948623}.wuRelease|x64.ActiveCfg = Release|x64
		{9223A94B-7484-41E2-9E0D-032E72948623}.wuRelease|x64.Build.0 = Release|x64
		{9223A94B-7484-41E2-9E0D-032E72948624}.cDebug|Win32.ActiveCfg = Debug|Win32
		{9223A94B-7484-41E2-9E0D-032E72948624}.cDebug|Win32.Build.0 = Debug|Win32
		{9223A94B-7484-41E2-9E0D-032E72948624}.cDebug|x64.ActiveCfg = Debug|x64
		{9223A94B-7484-41E2-9E0D-032E72948624}.cDebug|x64.Build.0 = Debug|x64
		{9223A94B-7484-41E2-9E0D-032E72948624}.cRelease|Win32.ActiveCfg = Release|Win32
		{9223A94B-7484-41E2-9E0D-032E72948624}.cRelease|Win32.Build.0 = Release|Win32
		{9223A94B-7484-41E2-9E0D-032E72948624}.cRelease|x64.ActiveCfg = Release|x64
		{9223A94B-7484-41E2-9E0D-032E72948624}.cRelease|x64.Build.0 = Release|x64
		{9223A94B-7484-41E2-9E0D-032E72948624}.cuDebug|Win32.ActiveCfg = Debug|Win32
		{9223A94B-7484-41E2-9E0D-032E72948624}.cuDebug|Win32.Build.0 = Debug|Win32
		{9223A94B-7484-41E2-9E0D-032E72948624}.cuDebug|x64.ActiveCfg = Debug|x64
		{9223A94B-7484-41E2-9E0D-032E72948624}.cuDebug|x64.Build.0 = Debug|x64
		{9223A94B-7484-41E2-9E0D-032E72948624}.cuRelease|Win32.ActiveCfg = Release|Win32
		{9223A94B-7484-41E2-9E0D-032E72948624}.cuRelease|Win32.Build.0 = Release|Win32
		{9223A94B-7484-41E2-9E0D-032E72948624}.cuRelease|x64.ActiveCfg = Release|x64
		{9223A94B-7484-41E2-9E0D-032E72948624}.cuRelease|x64.Build.0 = Release|x64
		{9223A94B-7484-41E2-9E0D-032E72948624}.Debug|Win32.ActiveCfg = Debug|Win32
		{9223A94B-7484-41E2-9E0D-032E72948624}.Debug|Win32.Build.0 = Debug|Win32
		{9223A94B-7484-41E2-9E0D-032E72948624}.Debug|x64.ActiveCfg = Debug|x64
		{9223A94B-7484-41E2-9E0D-032E72948624}.Debug|x64.Build.0 = Debug|x64
		{9223A94B-7484-41E2-9E0D-032E72948624}.Release|Win32.ActiveCfg = Release|Win32
		{9223A94B-7484-41E2-9E0D-032E72948624}.Release|Win32.Build.0 = Release|Win32
		{9223A94B-7484-41E2-9E0D-032E72948624}.Release|x64.ActiveCfg = Release|x64
		{9223A94B-7484-41E2-9E0D-032E72948624}.Release|x64.Build.0 = Release|x64
		{9223A94B-7484-41E2-9E0D-032E72948624}.UDebug|Win32.ActiveCfg = UDebug|Win32
		{9223A94B-7484-41E2-9E0D-032E72948624}.UDebug|Win32.Build.0 = UDebug|Win32
		{9223A94B-7484-41E2-9E0D-032E72948624}.UDebug|x64.ActiveCfg = UDebug|x64
		{9223A94B-7484-41E2-9E0D-032E72948624}.UDebug|x64.Build.0 = UDebug|x64
		{9223A94B-7484-41E2-9E0D-032E72948624}.URelease|Win32.ActiveCfg = URelease|Win32
		{9223A94B-7484-41E2-9E0D-032E72948624}.URelease|Win32.Build.0 = URelease|Win32
		{9223A94B-7484-41E2-9E0D-032E72948624}.URelease|x64.ActiveCfg = URelease|x64
		{9223A94B-7484-41E2-9E0D-032E72948624}.URelease|x64.Build.0 = URelease|x64
		{9223A94B-7484-41E2-9E0D-032E72948624}.wDebug|Win32.ActiveCfg = Debug|Win32
		{9223A94B-7484-41E2-9E0D-032E72948624}.wDebug|Win32.Build.0 = Debug|Win32
		{9223A94B-7484-41E2-9E0D-032E72948624}.wDebug|x64.ActiveCfg = Debug|x64
		{9223A94B-7484-41E2-9E0D-032E72948624}.wDebug|x64.Build.0 = Debug|x64
		{9223A94B-7484-41E2-9E0D-032E72948624}.wRelease|Win32.ActiveCfg = Release|Win32
		{9223A94B-7484-41E2-9E0D-032E72948624}.wRelease|Win32.Build.0 = Release|Win32
		{9223A94B-7484-41E2-9E0D-032E72948624}.wRelease|x64.ActiveCfg = Release|x64
		{9223A94B-7484-41E2-9E0D-032E72948624}.wRelease|x64.Build.0 = Release|x64
		{9223A94B-7484-41E2-9E0D-032E72948624}.wuDebug|Win32.ActiveCfg = Debug|Win32
		{9223A94B-7484-41E2-9E0D-032E72948624}.wuDebug|Win32.Build.0 = Debug|Win32
		{9223A94B-7484-41E2-9E0D-032E72948624}.wuDebug|x64.ActiveCfg = Debug|x64
		{9223A94B-7484-41E2-9E0D-032E72948624}.wuDebug|x64.Build.0 = Debug|x64
		{9223A94B-7484-41E2-9E0D-032E72948624}.wuRelease|Win32.ActiveCfg = Release|Win32
		{9223A94B-7484-41E2-9E0D-032E72948624}.wuRelease|Win32.Build.0 = Release|Win32
		{9223A94B-7484-41E2-9E0D-032E72948624}.wuRelease|x64.ActiveCfg = Release|x64
		{9223A94B-7484-41E2-9E0D-032E72948624}.wuRelease|x64.Build.0 = Release|x64
	EndGlobalSection
	GlobalSection(SolutionProperties) = preSolution
		HideSolutionNode = FALSE
	EndGlobalSection
EndGlobal
